
Microsoft Visual Studio Solution File, Format Version 12.00
# Visual Studio 15
VisualStudioVersion = 15.0.27130.2027
MinimumVisualStudioVersion = 10.0.40219.1
Project("{FAE04EC0-301F-11D3-BF4B-00C04F79EFBC}") = "Gelf", "Gelf\Gelf.csproj", "{C20DEA11-D36B-4CF9-84FE-6F1EBCDAD740}"
EndProject
Project("{FAE04EC0-301F-11D3-BF4B-00C04F79EFBC}") = "Gelf.Tests", "Gelf.Tests\Gelf.Tests.csproj", "{25071C5A-8748-4676-853D-B2E064D1A86F}"
EndProject
Project("{2150E333-8FDC-42A3-9474-1A3956D46DE8}") = "App", "App", "{36A1FB5F-CE7D-406A-B495-CB4FF375CB4B}"
EndProject
Project("{2150E333-8FDC-42A3-9474-1A3956D46DE8}") = "Tests", "Tests", "{ADFEDBAA-D3F5-46ED-A5A2-231A3D0B48FF}"
EndProject
Project("{2150E333-8FDC-42A3-9474-1A3956D46DE8}") = "Docs", "Docs", "{671763FB-C5F2-4B78-BD34-65BD5BE7B7CC}"
	ProjectSection(SolutionItems) = preProject
		..\README.md = ..\README.md
	EndProjectSection
EndProject
Project("{2150E333-8FDC-42A3-9474-1A3956D46DE8}") = ".nuget", ".nuget", "{CED62E0F-C9EC-4C9E-B5D8-EC28A625039C}"
	ProjectSection(SolutionItems) = preProject
		.nuget\NuGet.Config = .nuget\NuGet.Config
		.nuget\NuGet.exe = .nuget\NuGet.exe
		.nuget\NuGet.targets = .nuget\NuGet.targets
	EndProjectSection
EndProject
Project("{9A19103F-16F7-4668-BE54-9A1E7A4F7556}") = "Gelf.Standart20", "Gelf.Standart20\Gelf.Standart20.csproj", "{569E84AD-D36F-4B86-8D49-A09D034BA1A9}"
EndProject
Project("{2150E333-8FDC-42A3-9474-1A3956D46DE8}") = "Framework40", "Framework40", "{D8517693-89D6-4790-852E-D775F136C46C}"
EndProject
Project("{2150E333-8FDC-42A3-9474-1A3956D46DE8}") = "Standart20", "Standart20", "{FCB4C41D-70DD-4F63-9022-5110DAF325F7}"
EndProject
Project("{2150E333-8FDC-42A3-9474-1A3956D46DE8}") = "App", "App", "{C860EC8E-901F-4F97-A519-D5A303B524EF}"
EndProject
Project("{FAE04EC0-301F-11D3-BF4B-00C04F79EFBC}") = "Gelf.Standart20.Tests", "Gelf.Standart20.Tests\Gelf.Standart20.Tests.csproj", "{A0D0A806-952D-45C6-9833-E994F5F45481}"
EndProject
Global
	GlobalSection(SolutionConfigurationPlatforms) = preSolution
		Debug|Any CPU = Debug|Any CPU
		Release|Any CPU = Release|Any CPU
	EndGlobalSection
	GlobalSection(ProjectConfigurationPlatforms) = postSolution
		{C20DEA11-D36B-4CF9-84FE-6F1EBCDAD740}.Debug|Any CPU.ActiveCfg = Debug|Any CPU
		{C20DEA11-D36B-4CF9-84FE-6F1EBCDAD740}.Debug|Any CPU.Build.0 = Debug|Any CPU
		{C20DEA11-D36B-4CF9-84FE-6F1EBCDAD740}.Release|Any CPU.ActiveCfg = Release|Any CPU
		{C20DEA11-D36B-4CF9-84FE-6F1EBCDAD740}.Release|Any CPU.Build.0 = Release|Any CPU
		{25071C5A-8748-4676-853D-B2E064D1A86F}.Debug|Any CPU.ActiveCfg = Debug|Any CPU
		{25071C5A-8748-4676-853D-B2E064D1A86F}.Debug|Any CPU.Build.0 = Debug|Any CPU
		{25071C5A-8748-4676-853D-B2E064D1A86F}.Release|Any CPU.ActiveCfg = Release|Any CPU
		{25071C5A-8748-4676-853D-B2E064D1A86F}.Release|Any CPU.Build.0 = Release|Any CPU
		{569E84AD-D36F-4B86-8D49-A09D034BA1A9}.Debug|Any CPU.ActiveCfg = Debug|Any CPU
		{569E84AD-D36F-4B86-8D49-A09D034BA1A9}.Debug|Any CPU.Build.0 = Debug|Any CPU
		{569E84AD-D36F-4B86-8D49-A09D034BA1A9}.Release|Any CPU.ActiveCfg = Release|Any CPU
		{569E84AD-D36F-4B86-8D49-A09D034BA1A9}.Release|Any CPU.Build.0 = Release|Any CPU
		{A0D0A806-952D-45C6-9833-E994F5F45481}.Debug|Any CPU.ActiveCfg = Debug|Any CPU
		{A0D0A806-952D-45C6-9833-E994F5F45481}.Debug|Any CPU.Build.0 = Debug|Any CPU
		{A0D0A806-952D-45C6-9833-E994F5F45481}.Release|Any CPU.ActiveCfg = Release|Any CPU
		{A0D0A806-952D-45C6-9833-E994F5F45481}.Release|Any CPU.Build.0 = Release|Any CPU
	EndGlobalSection
	GlobalSection(SolutionProperties) = preSolution
		HideSolutionNode = FALSE
	EndGlobalSection
	GlobalSection(NestedProjects) = preSolution
		{C20DEA11-D36B-4CF9-84FE-6F1EBCDAD740} = {36A1FB5F-CE7D-406A-B495-CB4FF375CB4B}
		{25071C5A-8748-4676-853D-B2E064D1A86F} = {ADFEDBAA-D3F5-46ED-A5A2-231A3D0B48FF}
		{36A1FB5F-CE7D-406A-B495-CB4FF375CB4B} = {D8517693-89D6-4790-852E-D775F136C46C}
		{CED62E0F-C9EC-4C9E-B5D8-EC28A625039C} = {D8517693-89D6-4790-852E-D775F136C46C}
		{569E84AD-D36F-4B86-8D49-A09D034BA1A9} = {C860EC8E-901F-4F97-A519-D5A303B524EF}
		{C860EC8E-901F-4F97-A519-D5A303B524EF} = {FCB4C41D-70DD-4F63-9022-5110DAF325F7}
		{A0D0A806-952D-45C6-9833-E994F5F45481} = {ADFEDBAA-D3F5-46ED-A5A2-231A3D0B48FF}
	EndGlobalSection
	GlobalSection(ExtensibilityGlobals) = postSolution
		SolutionGuid = {75998A23-2ED6-4C59-B4D2-58CE95449F69}
	EndGlobalSection
EndGlobal
